
Microsoft Visual Studio Solution File, Format Version 12.00
# Visual Studio Version 16
VisualStudioVersion = 16.0.30011.22
MinimumVisualStudioVersion = 10.0.40219.1
Project("{FAE04EC0-301F-11D3-BF4B-00C04F79EFBC}") = "SudokuFriendlyHints.WPF", "SudokuFriendlyHints.WPF\SudokuFriendlyHints.WPF.csproj", "{0C3757FA-D1C0-44FC-BCCE-715D2592D0A5}"
EndProject
Global
	GlobalSection(SolutionConfigurationPlatforms) = preSolution
		Debug|Any CPU = Debug|Any CPU
		Release|Any CPU = Release|Any CPU
	EndGlobalSection
	GlobalSection(ProjectConfigurationPlatforms) = postSolution
		{0C3757FA-D1C0-44FC-BCCE-715D2592D0A5}.Debug|Any CPU.ActiveCfg = Debug|Any CPU
		{0C3757FA-D1C0-44FC-BCCE-715D2592D0A5}.Debug|Any CPU.Build.0 = Debug|Any CPU
		{0C3757FA-D1C0-44FC-BCCE-715D2592D0A5}.Release|Any CPU.ActiveCfg = Release|Any CPU
		{0C3757FA-D1C0-44FC-BCCE-715D2592D0A5}.Release|Any CPU.Build.0 = Release|Any CPU
	EndGlobalSection
	GlobalSection(SolutionProperties) = preSolution
		HideSolutionNode = FALSE
	EndGlobalSection
	GlobalSection(ExtensibilityGlobals) = postSolution
		SolutionGuid = {26FB1ED4-9B39-4516-9B0E-2B6042B2F6C0}
	EndGlobalSection
EndGlobal
